
Microsoft Visual Studio Solution File, Format Version 12.00
# Visual Studio Version 16
VisualStudioVersion = 16.0.31019.35
MinimumVisualStudioVersion = 10.0.40219.1
Project("{FAE04EC0-301F-11D3-BF4B-00C04F79EFBC}") = "AviUtlAutoInstaller", "AviUtlAutoInstaller\AviUtlAutoInstaller.csproj", "{685EAA4D-9245-48EF-98F4-FB8F67AA6AFF}"
EndProject
Project("{FAE04EC0-301F-11D3-BF4B-00C04F79EFBC}") = "Updater", "Updater\Updater.csproj", "{017180DE-5A25-41F2-8A20-DE670B423307}"
EndProject
Global
	GlobalSection(SolutionConfigurationPlatforms) = preSolution
		Debug|Any CPU = Debug|Any CPU
		Release|Any CPU = Release|Any CPU
	EndGlobalSection
	GlobalSection(ProjectConfigurationPlatforms) = postSolution
		{685EAA4D-9245-48EF-98F4-FB8F67AA6AFF}.Debug|Any CPU.ActiveCfg = Debug|Any CPU
		{685EAA4D-9245-48EF-98F4-FB8F67AA6AFF}.Debug|Any CPU.Build.0 = Debug|Any CPU
		{685EAA4D-9245-48EF-98F4-FB8F67AA6AFF}.Release|Any CPU.ActiveCfg = Release|Any CPU
		{685EAA4D-9245-48EF-98F4-FB8F67AA6AFF}.Release|Any CPU.Build.0 = Release|Any CPU
		{017180DE-5A25-41F2-8A20-DE670B423307}.Debug|Any CPU.ActiveCfg = Debug|Any CPU
		{017180DE-5A25-41F2-8A20-DE670B423307}.Debug|Any CPU.Build.0 = Debug|Any CPU
		{017180DE-5A25-41F2-8A20-DE670B423307}.Release|Any CPU.ActiveCfg = Release|Any CPU
		{017180DE-5A25-41F2-8A20-DE670B423307}.Release|Any CPU.Build.0 = Release|Any CPU
	EndGlobalSection
	GlobalSection(SolutionProperties) = preSolution
		HideSolutionNode = FALSE
	EndGlobalSection
	GlobalSection(ExtensibilityGlobals) = postSolution
		SolutionGuid = {B042AFB8-EEC4-4C2C-91C7-19B24D28810F}
	EndGlobalSection
EndGlobal
